
Microsoft Visual Studio Solution File, Format Version 12.00
# Visual Studio Version 16
VisualStudioVersion = 16.0.30503.244
MinimumVisualStudioVersion = 10.0.40219.1
Project("{FAE04EC0-301F-11D3-BF4B-00C04F79EFBC}") = "Trust Your Locals", "Trust Your Locals\Trust Your Locals.csproj", "{99E98AC4-F398-49C5-8912-9678A4112DE8}"
EndProject
Global
	GlobalSection(SolutionConfigurationPlatforms) = preSolution
		Debug|Any CPU = Debug|Any CPU
		Release|Any CPU = Release|Any CPU
	EndGlobalSection
	GlobalSection(ProjectConfigurationPlatforms) = postSolution
		{99E98AC4-F398-49C5-8912-9678A4112DE8}.Debug|Any CPU.ActiveCfg = Debug|Any CPU
		{99E98AC4-F398-49C5-8912-9678A4112DE8}.Debug|Any CPU.Build.0 = Debug|Any CPU
		{99E98AC4-F398-49C5-8912-9678A4112DE8}.Release|Any CPU.ActiveCfg = Release|Any CPU
		{99E98AC4-F398-49C5-8912-9678A4112DE8}.Release|Any CPU.Build.0 = Release|Any CPU
	EndGlobalSection
	GlobalSection(SolutionProperties) = preSolution
		HideSolutionNode = FALSE
	EndGlobalSection
	GlobalSection(ExtensibilityGlobals) = postSolution
		SolutionGuid = {D96FBECC-90CB-461D-A0F7-B0DB6E0CF340}
	EndGlobalSection
EndGlobal
